
Microsoft Visual Studio Solution File, Format Version 12.00
# Visual Studio Version 16
VisualStudioVersion = 16.0.29519.87
MinimumVisualStudioVersion = 10.0.40219.1
Project("{FAE04EC0-301F-11D3-BF4B-00C04F79EFBC}") = "AccountingJournal", "AccountingJournal\AccountingJournal.csproj", "{D03B2BCB-5D6F-4944-9377-BF1832746757}"
EndProject
Global
	GlobalSection(SolutionConfigurationPlatforms) = preSolution
		Debug|Any CPU = Debug|Any CPU
		Release|Any CPU = Release|Any CPU
	EndGlobalSection
	GlobalSection(ProjectConfigurationPlatforms) = postSolution
		{D03B2BCB-5D6F-4944-9377-BF1832746757}.Debug|Any CPU.ActiveCfg = Debug|Any CPU
		{D03B2BCB-5D6F-4944-9377-BF1832746757}.Debug|Any CPU.Build.0 = Debug|Any CPU
		{D03B2BCB-5D6F-4944-9377-BF1832746757}.Release|Any CPU.ActiveCfg = Release|Any CPU
		{D03B2BCB-5D6F-4944-9377-BF1832746757}.Release|Any CPU.Build.0 = Release|Any CPU
	EndGlobalSection
	GlobalSection(SolutionProperties) = preSolution
		HideSolutionNode = FALSE
	EndGlobalSection
	GlobalSection(ExtensibilityGlobals) = postSolution
		SolutionGuid = {DB26F0DE-A069-41D1-A281-5835AF5A0116}
	EndGlobalSection
EndGlobal
